
Microsoft Visual Studio Solution File, Format Version 12.00
# Visual Studio Version 16
VisualStudioVersion = 16.0.30330.147
MinimumVisualStudioVersion = 10.0.40219.1
Project("{8BC9CEB8-8B4A-11D0-8D11-00A0C91BC942}") = "RainDoll", "RainDoll\RainDoll.vcxproj", "{D10CC907-FEC3-415D-8B11-BA7048CFA146}"
EndProject
Global
	GlobalSection(SolutionConfigurationPlatforms) = preSolution
		Debug|x64 = Debug|x64
		Debug|x86 = Debug|x86
		Release|x64 = Release|x64
		Release|x86 = Release|x86
	EndGlobalSection
	GlobalSection(ProjectConfigurationPlatforms) = postSolution
		{D10CC907-FEC3-415D-8B11-BA7048CFA146}.Debug|x64.ActiveCfg = Debug|x64
		{D10CC907-FEC3-415D-8B11-BA7048CFA146}.Debug|x64.Build.0 = Debug|x64
		{D10CC907-FEC3-415D-8B11-BA7048CFA146}.Debug|x86.ActiveCfg = Debug|Win32
		{D10CC907-FEC3-415D-8B11-BA7048CFA146}.Debug|x86.Build.0 = Debug|Win32
		{D10CC907-FEC3-415D-8B11-BA7048CFA146}.Release|x64.ActiveCfg = Release|x64
		{D10CC907-FEC3-415D-8B11-BA7048CFA146}.Release|x64.Build.0 = Release|x64
		{D10CC907-FEC3-415D-8B11-BA7048CFA146}.Release|x86.ActiveCfg = Release|Win32
		{D10CC907-FEC3-415D-8B11-BA7048CFA146}.Release|x86.Build.0 = Release|Win32
	EndGlobalSection
	GlobalSection(SolutionProperties) = preSolution
		HideSolutionNode = FALSE
	EndGlobalSection
	GlobalSection(ExtensibilityGlobals) = postSolution
		SolutionGuid = {5D655C27-0366-4CD4-9031-937CA2677C93}
	EndGlobalSection
EndGlobal
